
Microsoft Visual Studio Solution File, Format Version 12.00
# Visual Studio Version 17
VisualStudioVersion = 17.7.34221.43
MinimumVisualStudioVersion = 10.0.40219.1
Project("{9A19103F-16F7-4668-BE54-9A1E7A4F7556}") = "NGSKJ6_HFT_2023241_Client", "NGSKJ6_HFT_2023241\NGSKJ6_HFT_2023241_Client.csproj", "{BBE31DEA-4847-4C21-8881-D76527020C7F}"
EndProject
Project("{9A19103F-16F7-4668-BE54-9A1E7A4F7556}") = "NGSKJ6_HFT_2023241_Models", "NGSKJ6_HFT_2023241_Models\NGSKJ6_HFT_2023241_Models.csproj", "{180BF28A-116B-4F1F-8487-4EBDDA58309D}"
EndProject
Project("{9A19103F-16F7-4668-BE54-9A1E7A4F7556}") = "NGSKJ6_HFT_2023241_Repository", "NGSKJ6_HFT_2023241_Repository\NGSKJ6_HFT_2023241_Repository.csproj", "{55202A02-EF80-4176-9A92-F4BD763B15FD}"
EndProject
Project("{9A19103F-16F7-4668-BE54-9A1E7A4F7556}") = "NGSKJ6_HFT_2023241_Logic", "NGSKJ6_HFT_2023241_Logic\NGSKJ6_HFT_2023241_Logic.csproj", "{7C161111-98E4-43D0-92A1-BC40C985D10D}"
EndProject
Project("{FAE04EC0-301F-11D3-BF4B-00C04F79EFBC}") = "NGSKJ6_HFT_2023341_Endpoint", "NGSKJ6_HFT_2023341_Endpoint\NGSKJ6_HFT_2023341_Endpoint.csproj", "{1FE4E13C-7CD0-4089-AF07-670EAAE3674E}"
EndProject
Global
	GlobalSection(SolutionConfigurationPlatforms) = preSolution
		Debug|Any CPU = Debug|Any CPU
		Release|Any CPU = Release|Any CPU
	EndGlobalSection
	GlobalSection(ProjectConfigurationPlatforms) = postSolution
		{BBE31DEA-4847-4C21-8881-D76527020C7F}.Debug|Any CPU.ActiveCfg = Debug|Any CPU
		{BBE31DEA-4847-4C21-8881-D76527020C7F}.Debug|Any CPU.Build.0 = Debug|Any CPU
		{BBE31DEA-4847-4C21-8881-D76527020C7F}.Release|Any CPU.ActiveCfg = Release|Any CPU
		{BBE31DEA-4847-4C21-8881-D76527020C7F}.Release|Any CPU.Build.0 = Release|Any CPU
		{180BF28A-116B-4F1F-8487-4EBDDA58309D}.Debug|Any CPU.ActiveCfg = Debug|Any CPU
		{180BF28A-116B-4F1F-8487-4EBDDA58309D}.Debug|Any CPU.Build.0 = Debug|Any CPU
		{180BF28A-116B-4F1F-8487-4EBDDA58309D}.Release|Any CPU.ActiveCfg = Release|Any CPU
		{180BF28A-116B-4F1F-8487-4EBDDA58309D}.Release|Any CPU.Build.0 = Release|Any CPU
		{55202A02-EF80-4176-9A92-F4BD763B15FD}.Debug|Any CPU.ActiveCfg = Debug|Any CPU
		{55202A02-EF80-4176-9A92-F4BD763B15FD}.Debug|Any CPU.Build.0 = Debug|Any CPU
		{55202A02-EF80-4176-9A92-F4BD763B15FD}.Release|Any CPU.ActiveCfg = Release|Any CPU
		{55202A02-EF80-4176-9A92-F4BD763B15FD}.Release|Any CPU.Build.0 = Release|Any CPU
		{7C161111-98E4-43D0-92A1-BC40C985D10D}.Debug|Any CPU.ActiveCfg = Debug|Any CPU
		{7C161111-98E4-43D0-92A1-BC40C985D10D}.Debug|Any CPU.Build.0 = Debug|Any CPU
		{7C161111-98E4-43D0-92A1-BC40C985D10D}.Release|Any CPU.ActiveCfg = Release|Any CPU
		{7C161111-98E4-43D0-92A1-BC40C985D10D}.Release|Any CPU.Build.0 = Release|Any CPU
		{1FE4E13C-7CD0-4089-AF07-670EAAE3674E}.Debug|Any CPU.ActiveCfg = Debug|Any CPU
		{1FE4E13C-7CD0-4089-AF07-670EAAE3674E}.Debug|Any CPU.Build.0 = Debug|Any CPU
		{1FE4E13C-7CD0-4089-AF07-670EAAE3674E}.Release|Any CPU.ActiveCfg = Release|Any CPU
		{1FE4E13C-7CD0-4089-AF07-670EAAE3674E}.Release|Any CPU.Build.0 = Release|Any CPU
	EndGlobalSection
	GlobalSection(SolutionProperties) = preSolution
		HideSolutionNode = FALSE
	EndGlobalSection
	GlobalSection(ExtensibilityGlobals) = postSolution
		SolutionGuid = {BA3D738D-2B17-45DA-820E-C62D1414BCC1}
	EndGlobalSection
EndGlobal
